{
  "name": "atlan-acl",
  "version": "0.1.0",
  "lockfileVersion": 1,
  "requires": true,
  "dependencies": {
    "acamani": {
      "version": "2.0.1",
      "resolved": "https://registry.npmjs.org/acamani/-/acamani-2.0.1.tgz",
      "integrity": "sha512-k4Q5KCxb+YnW0nk2O5blDFCorDGc9XnvJz4aZ5hvN6G7nC04fEGNB1OKsMgbAmJPwuQ5nA1T5ktLaSaaBmm/SQ=="
    },
    "aniame": {
      "version": "5.0.0",
      "resolved": "https://registry.npmjs.org/aniame/-/aniame-5.0.0.tgz",
      "integrity": "sha512-rCWH8WY9nuwwvRqJ08jdzR0ckT+oJmnesmHVBKTfbDDsP9kH0KuYL0ibCtG5SZBx9K72UpedH9eusV5QcFe7Fw==",
      "requires": {
        "acamani": "^2.0.1"
      }
    },
    "eslint-config-tenatek": {
      "version": "2.0.0",
      "resolved": "https://registry.npmjs.org/eslint-config-tenatek/-/eslint-config-tenatek-2.0.0.tgz",
      "integrity": "sha512-795hdvHlmVRRu6kAUoW08XMcDAzSCMN9Td9bCvqw6+wo1RgXW+ONzKWjLzYW+l2OctJxUUQR5yEAw2b/Czfa7A==",
      "dev": true
    }
  }
}
